
Microsoft Visual Studio Solution File, Format Version 12.00
Project("{FAE04EC0-301F-11D3-BF4B-00C04F79EFBC}") = "ParkXUI", "ParkXUI\ParkXUI.csproj", "{BCD38809-08F4-4981-86EE-285A983131DC}"
EndProject
Project("{FAE04EC0-301F-11D3-BF4B-00C04F79EFBC}") = "line-login-csharp", "line-login-csharp\line-login-csharp.csproj", "{634ABA1E-26FD-42C9-9F9B-BA987C144DCF}"
EndProject
Global
	GlobalSection(SolutionConfigurationPlatforms) = preSolution
		Debug|Any CPU = Debug|Any CPU
		Release|Any CPU = Release|Any CPU
	EndGlobalSection
	GlobalSection(ProjectConfigurationPlatforms) = postSolution
		{BCD38809-08F4-4981-86EE-285A983131DC}.Debug|Any CPU.ActiveCfg = Debug|Any CPU
		{BCD38809-08F4-4981-86EE-285A983131DC}.Debug|Any CPU.Build.0 = Debug|Any CPU
		{BCD38809-08F4-4981-86EE-285A983131DC}.Release|Any CPU.ActiveCfg = Release|Any CPU
		{BCD38809-08F4-4981-86EE-285A983131DC}.Release|Any CPU.Build.0 = Release|Any CPU
		{634ABA1E-26FD-42C9-9F9B-BA987C144DCF}.Debug|Any CPU.ActiveCfg = Debug|Any CPU
		{634ABA1E-26FD-42C9-9F9B-BA987C144DCF}.Debug|Any CPU.Build.0 = Debug|Any CPU
		{634ABA1E-26FD-42C9-9F9B-BA987C144DCF}.Release|Any CPU.ActiveCfg = Release|Any CPU
		{634ABA1E-26FD-42C9-9F9B-BA987C144DCF}.Release|Any CPU.Build.0 = Release|Any CPU
	EndGlobalSection
EndGlobal
